
Microsoft Visual Studio Solution File, Format Version 12.00
# Visual Studio 15
VisualStudioVersion = 15.0.26430.13
MinimumVisualStudioVersion = 10.0.40219.1
Project("{FAE04EC0-301F-11D3-BF4B-00C04F79EFBC}") = "Karpach.Remote.Keep.Command", "Karpach.Remote.Keep.Command\Karpach.Remote.Keep.Command.csproj", "{E2F6EFE1-51F6-4F9E-A548-079DDC6352B2}"
EndProject
Project("{FAE04EC0-301F-11D3-BF4B-00C04F79EFBC}") = "Karpach.Remote.Keep.Command.Tests", "Karpach.Remote.Keep.Command.Tests\Karpach.Remote.Keep.Command.Tests.csproj", "{E362D452-26B4-487A-A65C-5846EB57DFFB}"
EndProject
Global
	GlobalSection(SolutionConfigurationPlatforms) = preSolution
		Debug|Any CPU = Debug|Any CPU
		Release|Any CPU = Release|Any CPU
	EndGlobalSection
	GlobalSection(ProjectConfigurationPlatforms) = postSolution
		{E2F6EFE1-51F6-4F9E-A548-079DDC6352B2}.Debug|Any CPU.ActiveCfg = Debug|Any CPU
		{E2F6EFE1-51F6-4F9E-A548-079DDC6352B2}.Debug|Any CPU.Build.0 = Debug|Any CPU
		{E2F6EFE1-51F6-4F9E-A548-079DDC6352B2}.Release|Any CPU.ActiveCfg = Release|Any CPU
		{E2F6EFE1-51F6-4F9E-A548-079DDC6352B2}.Release|Any CPU.Build.0 = Release|Any CPU
		{E362D452-26B4-487A-A65C-5846EB57DFFB}.Debug|Any CPU.ActiveCfg = Debug|Any CPU
		{E362D452-26B4-487A-A65C-5846EB57DFFB}.Debug|Any CPU.Build.0 = Debug|Any CPU
		{E362D452-26B4-487A-A65C-5846EB57DFFB}.Release|Any CPU.ActiveCfg = Release|Any CPU
		{E362D452-26B4-487A-A65C-5846EB57DFFB}.Release|Any CPU.Build.0 = Release|Any CPU
	EndGlobalSection
	GlobalSection(SolutionProperties) = preSolution
		HideSolutionNode = FALSE
	EndGlobalSection
EndGlobal
